
Microsoft Visual Studio Solution File, Format Version 12.00
# Visual Studio 14
VisualStudioVersion = 14.0.25420.1
MinimumVisualStudioVersion = 10.0.40219.1
Project("{8BC9CEB8-8B4A-11D0-8D11-00A0C91BC942}") = "manualbot", "projects\manualbot\manualbot.vcxproj", "{E12464E2-3BFB-4A17-9DEB-A004CC070223}"
EndProject
Project("{2150E333-8FDC-42A3-9474-1A3956D46DE8}") = "bots", "bots", "{72534CB8-F183-455E-ABEA-969A5D349AA9}"
EndProject
Project("{8BC9CEB8-8B4A-11D0-8D11-00A0C91BC942}") = "blank27", "projects\blank27\blank27.vcxproj", "{3DFA53DF-7DE3-4714-B4E8-1A42F8E0F186}"
EndProject
Project("{8BC9CEB8-8B4A-11D0-8D11-00A0C91BC942}") = "HandsomeBot", "projects\HandsomeBot\HandsomeBot.vcxproj", "{2680BF35-55AA-4180-ABAE-990D43EC34AE}"
EndProject
Project("{8BC9CEB8-8B4A-11D0-8D11-00A0C91BC942}") = "cheesecake", "projects\cheesecake\cheesecake.vcxproj", "{520B2837-6B99-4252-A481-9086EA9A7531}"
EndProject
Global
	GlobalSection(SolutionConfigurationPlatforms) = preSolution
		Debug|x64 = Debug|x64
		Release|x64 = Release|x64
	EndGlobalSection
	GlobalSection(ProjectConfigurationPlatforms) = postSolution
		{E12464E2-3BFB-4A17-9DEB-A004CC070223}.Debug|x64.ActiveCfg = Debug|x64
		{E12464E2-3BFB-4A17-9DEB-A004CC070223}.Debug|x64.Build.0 = Debug|x64
		{E12464E2-3BFB-4A17-9DEB-A004CC070223}.Release|x64.ActiveCfg = Release|x64
		{E12464E2-3BFB-4A17-9DEB-A004CC070223}.Release|x64.Build.0 = Release|x64
		{3DFA53DF-7DE3-4714-B4E8-1A42F8E0F186}.Debug|x64.ActiveCfg = Debug|x64
		{3DFA53DF-7DE3-4714-B4E8-1A42F8E0F186}.Debug|x64.Build.0 = Debug|x64
		{3DFA53DF-7DE3-4714-B4E8-1A42F8E0F186}.Release|x64.ActiveCfg = Release|x64
		{3DFA53DF-7DE3-4714-B4E8-1A42F8E0F186}.Release|x64.Build.0 = Release|x64
		{2680BF35-55AA-4180-ABAE-990D43EC34AE}.Debug|x64.ActiveCfg = Debug|x64
		{2680BF35-55AA-4180-ABAE-990D43EC34AE}.Debug|x64.Build.0 = Debug|x64
		{2680BF35-55AA-4180-ABAE-990D43EC34AE}.Release|x64.ActiveCfg = Release|x64
		{2680BF35-55AA-4180-ABAE-990D43EC34AE}.Release|x64.Build.0 = Release|x64
		{520B2837-6B99-4252-A481-9086EA9A7531}.Debug|x64.ActiveCfg = Debug|x64
		{520B2837-6B99-4252-A481-9086EA9A7531}.Debug|x64.Build.0 = Debug|x64
		{520B2837-6B99-4252-A481-9086EA9A7531}.Release|x64.ActiveCfg = Release|x64
		{520B2837-6B99-4252-A481-9086EA9A7531}.Release|x64.Build.0 = Release|x64
	EndGlobalSection
	GlobalSection(SolutionProperties) = preSolution
		HideSolutionNode = FALSE
	EndGlobalSection
	GlobalSection(NestedProjects) = preSolution
		{E12464E2-3BFB-4A17-9DEB-A004CC070223} = {72534CB8-F183-455E-ABEA-969A5D349AA9}
		{3DFA53DF-7DE3-4714-B4E8-1A42F8E0F186} = {72534CB8-F183-455E-ABEA-969A5D349AA9}
		{2680BF35-55AA-4180-ABAE-990D43EC34AE} = {72534CB8-F183-455E-ABEA-969A5D349AA9}
		{520B2837-6B99-4252-A481-9086EA9A7531} = {72534CB8-F183-455E-ABEA-969A5D349AA9}
	EndGlobalSection
EndGlobal
